// !$*UTF8*$!
{
	archiveVersion = 1;
	classes = {
	};
	objectVersion = 50;
	objects = {

/* Begin PBXBuildFile section */
		3B8954928CBE499F6D90E1C9 /* Pods_Moodelizer.framework in Frameworks */ = {isa = PBXBuildFile; fileRef = 1D07CD53289D666C579FD576 /* Pods_Moodelizer.framework */; };
		88405EED21BC1ABA00483FE1 /* AppDelegate.swift in Sources */ = {isa = PBXBuildFile; fileRef = 88405EEC21BC1ABA00483FE1 /* AppDelegate.swift */; };
		88405EF421BC1ABB00483FE1 /* Assets.xcassets in Resources */ = {isa = PBXBuildFile; fileRef = 88405EF321BC1ABB00483FE1 /* Assets.xcassets */; };
		88405EF721BC1ABB00483FE1 /* LaunchScreen.storyboard in Resources */ = {isa = PBXBuildFile; fileRef = 88405EF521BC1ABB00483FE1 /* LaunchScreen.storyboard */; };
		88405F0221BC1ABB00483FE1 /* MoodelizerTests.swift in Sources */ = {isa = PBXBuildFile; fileRef = 88405F0121BC1ABB00483FE1 /* MoodelizerTests.swift */; };
		88405F0D21BC1ABB00483FE1 /* MoodelizerUITests.swift in Sources */ = {isa = PBXBuildFile; fileRef = 88405F0C21BC1ABB00483FE1 /* MoodelizerUITests.swift */; };
		8882FEF921C53B9D001BBCCC /* ArticleCollectionViewCell.swift in Sources */ = {isa = PBXBuildFile; fileRef = 8882FEF821C53B9D001BBCCC /* ArticleCollectionViewCell.swift */; };
		8882FF0221C54993001BBCCC /* Browser.storyboard in Resources */ = {isa = PBXBuildFile; fileRef = 8882FEFB21C54993001BBCCC /* Browser.storyboard */; };
		8882FF0321C54993001BBCCC /* BrowserDisplayData.swift in Sources */ = {isa = PBXBuildFile; fileRef = 8882FEFC21C54993001BBCCC /* BrowserDisplayData.swift */; };
		8882FF0421C54993001BBCCC /* BrowserPresenter.swift in Sources */ = {isa = PBXBuildFile; fileRef = 8882FEFD21C54993001BBCCC /* BrowserPresenter.swift */; };
		8882FF0521C54993001BBCCC /* BrowserRouter.swift in Sources */ = {isa = PBXBuildFile; fileRef = 8882FEFE21C54993001BBCCC /* BrowserRouter.swift */; };
		8882FF0621C54993001BBCCC /* BrowserModuleApi.swift in Sources */ = {isa = PBXBuildFile; fileRef = 8882FEFF21C54993001BBCCC /* BrowserModuleApi.swift */; };
		8882FF0721C54993001BBCCC /* BrowserInteractor.swift in Sources */ = {isa = PBXBuildFile; fileRef = 8882FF0021C54993001BBCCC /* BrowserInteractor.swift */; };
		8882FF0821C54993001BBCCC /* BrowserView.swift in Sources */ = {isa = PBXBuildFile; fileRef = 8882FF0121C54993001BBCCC /* BrowserView.swift */; };
		8882FF0B21C56DD4001BBCCC /* IndexTests.swift in Sources */ = {isa = PBXBuildFile; fileRef = 8882FF0A21C56DD4001BBCCC /* IndexTests.swift */; };
		8882FF0E21C570C1001BBCCC /* IndexMockView.swift in Sources */ = {isa = PBXBuildFile; fileRef = 8882FF0D21C570C1001BBCCC /* IndexMockView.swift */; };
		8882FF1121C5809A001BBCCC /* ArticleMockView.swift in Sources */ = {isa = PBXBuildFile; fileRef = 8882FF1021C5809A001BBCCC /* ArticleMockView.swift */; };
		8882FF1321C580FD001BBCCC /* ArticleTests.swift in Sources */ = {isa = PBXBuildFile; fileRef = 8882FF1221C580FD001BBCCC /* ArticleTests.swift */; };
		8882FF1621C5835E001BBCCC /* BrowserMockView.swift in Sources */ = {isa = PBXBuildFile; fileRef = 8882FF1521C5835E001BBCCC /* BrowserMockView.swift */; };
		8882FF1821C583A3001BBCCC /* BrowserTests.swift in Sources */ = {isa = PBXBuildFile; fileRef = 8882FF1721C583A3001BBCCC /* BrowserTests.swift */; };
		889712E521BC23F300D88DD4 /* UIImage+.swift in Sources */ = {isa = PBXBuildFile; fileRef = 889712E421BC23F300D88DD4 /* UIImage+.swift */; };
		889712E721BC267800D88DD4 /* AttributedStringExtensions.swift in Sources */ = {isa = PBXBuildFile; fileRef = 889712E621BC267800D88DD4 /* AttributedStringExtensions.swift */; };
		889712E921BC3DCB00D88DD4 /* ArticleTableViewCell.swift in Sources */ = {isa = PBXBuildFile; fileRef = 889712E821BC3DCB00D88DD4 /* ArticleTableViewCell.swift */; };
		889712EC21BC474F00D88DD4 /* Headlines.swift in Sources */ = {isa = PBXBuildFile; fileRef = 889712EB21BC474F00D88DD4 /* Headlines.swift */; };
		889712EF21BC48A100D88DD4 /* ArticleService.swift in Sources */ = {isa = PBXBuildFile; fileRef = 889712EE21BC48A100D88DD4 /* ArticleService.swift */; };
		889712F121BC4BF400D88DD4 /* UIView+.swift in Sources */ = {isa = PBXBuildFile; fileRef = 889712F021BC4BF400D88DD4 /* UIView+.swift */; };
		889712F321BC559F00D88DD4 /* AppErrorHandler.swift in Sources */ = {isa = PBXBuildFile; fileRef = 889712F221BC559F00D88DD4 /* AppErrorHandler.swift */; };
		889712F521BC631100D88DD4 /* Collection+Exist.swift in Sources */ = {isa = PBXBuildFile; fileRef = 889712F421BC631100D88DD4 /* Collection+Exist.swift */; };
		889712F721BC6B3B00D88DD4 /* DateExtensions.swift in Sources */ = {isa = PBXBuildFile; fileRef = 889712F621BC6B3B00D88DD4 /* DateExtensions.swift */; };
		88C2C2A521BC1FBA0057327C /* Apperance.swift in Sources */ = {isa = PBXBuildFile; fileRef = 88C2C2A421BC1FBA0057327C /* Apperance.swift */; };
		88C2C2A721BC1FC80057327C /* Result.swift in Sources */ = {isa = PBXBuildFile; fileRef = 88C2C2A621BC1FC80057327C /* Result.swift */; };
		88C2C2A921BC1FE60057327C /* AppModule.swift in Sources */ = {isa = PBXBuildFile; fileRef = 88C2C2A821BC1FE60057327C /* AppModule.swift */; };
		88C2C2B321BC21D30057327C /* Index.storyboard in Resources */ = {isa = PBXBuildFile; fileRef = 88C2C2AC21BC21D30057327C /* Index.storyboard */; };
		88C2C2B421BC21D30057327C /* IndexDisplayData.swift in Sources */ = {isa = PBXBuildFile; fileRef = 88C2C2AD21BC21D30057327C /* IndexDisplayData.swift */; };
		88C2C2B521BC21D30057327C /* IndexPresenter.swift in Sources */ = {isa = PBXBuildFile; fileRef = 88C2C2AE21BC21D30057327C /* IndexPresenter.swift */; };
		88C2C2B621BC21D30057327C /* IndexRouter.swift in Sources */ = {isa = PBXBuildFile; fileRef = 88C2C2AF21BC21D30057327C /* IndexRouter.swift */; };
		88C2C2B721BC21D30057327C /* IndexModuleApi.swift in Sources */ = {isa = PBXBuildFile; fileRef = 88C2C2B021BC21D30057327C /* IndexModuleApi.swift */; };
		88C2C2B821BC21D30057327C /* IndexInteractor.swift in Sources */ = {isa = PBXBuildFile; fileRef = 88C2C2B121BC21D30057327C /* IndexInteractor.swift */; };
		88C2C2B921BC21D30057327C /* IndexView.swift in Sources */ = {isa = PBXBuildFile; fileRef = 88C2C2B221BC21D30057327C /* IndexView.swift */; };
		88C2C2C121BC21E30057327C /* Article.storyboard in Resources */ = {isa = PBXBuildFile; fileRef = 88C2C2BA21BC21E30057327C /* Article.storyboard */; };
		88C2C2C221BC21E30057327C /* ArticleDisplayData.swift in Sources */ = {isa = PBXBuildFile; fileRef = 88C2C2BB21BC21E30057327C /* ArticleDisplayData.swift */; };
		88C2C2C321BC21E30057327C /* ArticlePresenter.swift in Sources */ = {isa = PBXBuildFile; fileRef = 88C2C2BC21BC21E30057327C /* ArticlePresenter.swift */; };
		88C2C2C421BC21E30057327C /* ArticleRouter.swift in Sources */ = {isa = PBXBuildFile; fileRef = 88C2C2BD21BC21E30057327C /* ArticleRouter.swift */; };
		88C2C2C521BC21E30057327C /* ArticleModuleApi.swift in Sources */ = {isa = PBXBuildFile; fileRef = 88C2C2BE21BC21E30057327C /* ArticleModuleApi.swift */; };
		88C2C2C621BC21E30057327C /* ArticleInteractor.swift in Sources */ = {isa = PBXBuildFile; fileRef = 88C2C2BF21BC21E30057327C /* ArticleInteractor.swift */; };
		88C2C2C721BC21E30057327C /* ArticleView.swift in Sources */ = {isa = PBXBuildFile; fileRef = 88C2C2C021BC21E30057327C /* ArticleView.swift */; };
		88C2EA5421C5A77E00AC651E /* Alamofire.framework in Frameworks */ = {isa = PBXBuildFile; fileRef = 88C2EA5321C5A77E00AC651E /* Alamofire.framework */; };
		88C2EA5521C5A77E00AC651E /* Pods_MoodelizerUITests.framework in Frameworks */ = {isa = PBXBuildFile; fileRef = 1B5ACCDC5B194473A246B3AA /* Pods_MoodelizerUITests.framework */; };
		DAD591CF476295E102569C76 /* Pods_MoodelizerTests.framework in Frameworks */ = {isa = PBXBuildFile; fileRef = A0C59784570CB7479663757F /* Pods_MoodelizerTests.framework */; };
/* End PBXBuildFile section */

/* Begin PBXContainerItemProxy section */
		88405EFE21BC1ABB00483FE1 /* PBXContainerItemProxy */ = {
			isa = PBXContainerItemProxy;
			containerPortal = 88405EE121BC1ABA00483FE1 /* Project object */;
			proxyType = 1;
			remoteGlobalIDString = 88405EE821BC1ABA00483FE1;
			remoteInfo = Moodelizer;
		};
		88405F0921BC1ABB00483FE1 /* PBXContainerItemProxy */ = {
			isa = PBXContainerItemProxy;
			containerPortal = 88405EE121BC1ABA00483FE1 /* Project object */;
			proxyType = 1;
			remoteGlobalIDString = 88405EE821BC1ABA00483FE1;
			remoteInfo = Moodelizer;
		};
/* End PBXContainerItemProxy section */

/* Begin PBXFileReference section */
		0DD243A5877C4CE4F1BE5BCB /* Pods-MoodelizerUITests.debug.xcconfig */ = {isa = PBXFileReference; includeInIndex = 1; lastKnownFileType = text.xcconfig; name = "Pods-MoodelizerUITests.debug.xcconfig"; path = "Target Support Files/Pods-MoodelizerUITests/Pods-MoodelizerUITests.debug.xcconfig"; sourceTree = "<group>"; };
		1B5ACCDC5B194473A246B3AA /* Pods_MoodelizerUITests.framework */ = {isa = PBXFileReference; explicitFileType = wrapper.framework; includeInIndex = 0; path = Pods_MoodelizerUITests.framework; sourceTree = BUILT_PRODUCTS_DIR; };
		1B8173122D4A048E16D0E4EC /* Pods-MoodelizerTests.debug.xcconfig */ = {isa = PBXFileReference; includeInIndex = 1; lastKnownFileType = text.xcconfig; name = "Pods-MoodelizerTests.debug.xcconfig"; path = "Target Support Files/Pods-MoodelizerTests/Pods-MoodelizerTests.debug.xcconfig"; sourceTree = "<group>"; };
		1D07CD53289D666C579FD576 /* Pods_Moodelizer.framework */ = {isa = PBXFileReference; explicitFileType = wrapper.framework; includeInIndex = 0; path = Pods_Moodelizer.framework; sourceTree = BUILT_PRODUCTS_DIR; };
		26963A5D8FD9DEB737D1E6CF /* Pods-Moodelizer.debug.xcconfig */ = {isa = PBXFileReference; includeInIndex = 1; lastKnownFileType = text.xcconfig; name = "Pods-Moodelizer.debug.xcconfig"; path = "Target Support Files/Pods-Moodelizer/Pods-Moodelizer.debug.xcconfig"; sourceTree = "<group>"; };
		6667D4209C0783263E302EB3 /* Pods-MoodelizerTests.release.xcconfig */ = {isa = PBXFileReference; includeInIndex = 1; lastKnownFileType = text.xcconfig; name = "Pods-MoodelizerTests.release.xcconfig"; path = "Target Support Files/Pods-MoodelizerTests/Pods-MoodelizerTests.release.xcconfig"; sourceTree = "<group>"; };
		88405EE921BC1ABA00483FE1 /* Moodelizer.app */ = {isa = PBXFileReference; explicitFileType = wrapper.application; includeInIndex = 0; path = Moodelizer.app; sourceTree = BUILT_PRODUCTS_DIR; };
		88405EEC21BC1ABA00483FE1 /* AppDelegate.swift */ = {isa = PBXFileReference; lastKnownFileType = sourcecode.swift; path = AppDelegate.swift; sourceTree = "<group>"; };
		88405EF321BC1ABB00483FE1 /* Assets.xcassets */ = {isa = PBXFileReference; lastKnownFileType = folder.assetcatalog; path = Assets.xcassets; sourceTree = "<group>"; };
		88405EF621BC1ABB00483FE1 /* Base */ = {isa = PBXFileReference; lastKnownFileType = file.storyboard; name = Base; path = Base.lproj/LaunchScreen.storyboard; sourceTree = "<group>"; };
		88405EF821BC1ABB00483FE1 /* Info.plist */ = {isa = PBXFileReference; lastKnownFileType = text.plist.xml; path = Info.plist; sourceTree = "<group>"; };
		88405EFD21BC1ABB00483FE1 /* MoodelizerTests.xctest */ = {isa = PBXFileReference; explicitFileType = wrapper.cfbundle; includeInIndex = 0; path = MoodelizerTests.xctest; sourceTree = BUILT_PRODUCTS_DIR; };
		88405F0121BC1ABB00483FE1 /* MoodelizerTests.swift */ = {isa = PBXFileReference; lastKnownFileType = sourcecode.swift; path = MoodelizerTests.swift; sourceTree = "<group>"; };
		88405F0321BC1ABB00483FE1 /* Info.plist */ = {isa = PBXFileReference; lastKnownFileType = text.plist.xml; path = Info.plist; sourceTree = "<group>"; };
		88405F0821BC1ABB00483FE1 /* MoodelizerUITests.xctest */ = {isa = PBXFileReference; explicitFileType = wrapper.cfbundle; includeInIndex = 0; path = MoodelizerUITests.xctest; sourceTree = BUILT_PRODUCTS_DIR; };
		88405F0C21BC1ABB00483FE1 /* MoodelizerUITests.swift */ = {isa = PBXFileReference; lastKnownFileType = sourcecode.swift; path = MoodelizerUITests.swift; sourceTree = "<group>"; };
		88405F0E21BC1ABB00483FE1 /* Info.plist */ = {isa = PBXFileReference; lastKnownFileType = text.plist.xml; path = Info.plist; sourceTree = "<group>"; };
		8882FEF821C53B9D001BBCCC /* ArticleCollectionViewCell.swift */ = {isa = PBXFileReference; lastKnownFileType = sourcecode.swift; path = ArticleCollectionViewCell.swift; sourceTree = "<group>"; };
		8882FEFB21C54993001BBCCC /* Browser.storyboard */ = {isa = PBXFileReference; lastKnownFileType = file.storyboard; path = Browser.storyboard; sourceTree = "<group>"; };
		8882FEFC21C54993001BBCCC /* BrowserDisplayData.swift */ = {isa = PBXFileReference; lastKnownFileType = sourcecode.swift; path = BrowserDisplayData.swift; sourceTree = "<group>"; };
		8882FEFD21C54993001BBCCC /* BrowserPresenter.swift */ = {isa = PBXFileReference; lastKnownFileType = sourcecode.swift; path = BrowserPresenter.swift; sourceTree = "<group>"; };
		8882FEFE21C54993001BBCCC /* BrowserRouter.swift */ = {isa = PBXFileReference; lastKnownFileType = sourcecode.swift; path = BrowserRouter.swift; sourceTree = "<group>"; };
		8882FEFF21C54993001BBCCC /* BrowserModuleApi.swift */ = {isa = PBXFileReference; lastKnownFileType = sourcecode.swift; path = BrowserModuleApi.swift; sourceTree = "<group>"; };
		8882FF0021C54993001BBCCC /* BrowserInteractor.swift */ = {isa = PBXFileReference; lastKnownFileType = sourcecode.swift; path = BrowserInteractor.swift; sourceTree = "<group>"; };
		8882FF0121C54993001BBCCC /* BrowserView.swift */ = {isa = PBXFileReference; lastKnownFileType = sourcecode.swift; path = BrowserView.swift; sourceTree = "<group>"; };
		8882FF0A21C56DD4001BBCCC /* IndexTests.swift */ = {isa = PBXFileReference; lastKnownFileType = sourcecode.swift; path = IndexTests.swift; sourceTree = "<group>"; };
		8882FF0D21C570C1001BBCCC /* IndexMockView.swift */ = {isa = PBXFileReference; lastKnownFileType = sourcecode.swift; path = IndexMockView.swift; sourceTree = "<group>"; };
		8882FF1021C5809A001BBCCC /* ArticleMockView.swift */ = {isa = PBXFileReference; lastKnownFileType = sourcecode.swift; path = ArticleMockView.swift; sourceTree = "<group>"; };
		8882FF1221C580FD001BBCCC /* ArticleTests.swift */ = {isa = PBXFileReference; lastKnownFileType = sourcecode.swift; path = ArticleTests.swift; sourceTree = "<group>"; };
		8882FF1521C5835E001BBCCC /* BrowserMockView.swift */ = {isa = PBXFileReference; lastKnownFileType = sourcecode.swift; path = BrowserMockView.swift; sourceTree = "<group>"; };
		8882FF1721C583A3001BBCCC /* BrowserTests.swift */ = {isa = PBXFileReference; lastKnownFileType = sourcecode.swift; path = BrowserTests.swift; sourceTree = "<group>"; };
		889712E421BC23F300D88DD4 /* UIImage+.swift */ = {isa = PBXFileReference; lastKnownFileType = sourcecode.swift; path = "UIImage+.swift"; sourceTree = "<group>"; };
		889712E621BC267800D88DD4 /* AttributedStringExtensions.swift */ = {isa = PBXFileReference; lastKnownFileType = sourcecode.swift; path = AttributedStringExtensions.swift; sourceTree = "<group>"; };
		889712E821BC3DCB00D88DD4 /* ArticleTableViewCell.swift */ = {isa = PBXFileReference; lastKnownFileType = sourcecode.swift; path = ArticleTableViewCell.swift; sourceTree = "<group>"; };
		889712EB21BC474F00D88DD4 /* Headlines.swift */ = {isa = PBXFileReference; lastKnownFileType = sourcecode.swift; path = Headlines.swift; sourceTree = "<group>"; };
		889712EE21BC48A100D88DD4 /* ArticleService.swift */ = {isa = PBXFileReference; lastKnownFileType = sourcecode.swift; path = ArticleService.swift; sourceTree = "<group>"; };
		889712F021BC4BF400D88DD4 /* UIView+.swift */ = {isa = PBXFileReference; lastKnownFileType = sourcecode.swift; path = "UIView+.swift"; sourceTree = "<group>"; };
		889712F221BC559F00D88DD4 /* AppErrorHandler.swift */ = {isa = PBXFileReference; lastKnownFileType = sourcecode.swift; path = AppErrorHandler.swift; sourceTree = "<group>"; };
		889712F421BC631100D88DD4 /* Collection+Exist.swift */ = {isa = PBXFileReference; lastKnownFileType = sourcecode.swift; path = "Collection+Exist.swift"; sourceTree = "<group>"; };
		889712F621BC6B3B00D88DD4 /* DateExtensions.swift */ = {isa = PBXFileReference; lastKnownFileType = sourcecode.swift; path = DateExtensions.swift; sourceTree = "<group>"; };
		88C2C2A421BC1FBA0057327C /* Apperance.swift */ = {isa = PBXFileReference; lastKnownFileType = sourcecode.swift; path = Apperance.swift; sourceTree = "<group>"; };
		88C2C2A621BC1FC80057327C /* Result.swift */ = {isa = PBXFileReference; lastKnownFileType = sourcecode.swift; path = Result.swift; sourceTree = "<group>"; };
		88C2C2A821BC1FE60057327C /* AppModule.swift */ = {isa = PBXFileReference; lastKnownFileType = sourcecode.swift; path = AppModule.swift; sourceTree = "<group>"; };
		88C2C2AC21BC21D30057327C /* Index.storyboard */ = {isa = PBXFileReference; lastKnownFileType = file.storyboard; path = Index.storyboard; sourceTree = "<group>"; };
		88C2C2AD21BC21D30057327C /* IndexDisplayData.swift */ = {isa = PBXFileReference; lastKnownFileType = sourcecode.swift; path = IndexDisplayData.swift; sourceTree = "<group>"; };
		88C2C2AE21BC21D30057327C /* IndexPresenter.swift */ = {isa = PBXFileReference; lastKnownFileType = sourcecode.swift; path = IndexPresenter.swift; sourceTree = "<group>"; };
		88C2C2AF21BC21D30057327C /* IndexRouter.swift */ = {isa = PBXFileReference; lastKnownFileType = sourcecode.swift; path = IndexRouter.swift; sourceTree = "<group>"; };
		88C2C2B021BC21D30057327C /* IndexModuleApi.swift */ = {isa = PBXFileReference; lastKnownFileType = sourcecode.swift; path = IndexModuleApi.swift; sourceTree = "<group>"; };
		88C2C2B121BC21D30057327C /* IndexInteractor.swift */ = {isa = PBXFileReference; lastKnownFileType = sourcecode.swift; path = IndexInteractor.swift; sourceTree = "<group>"; };
		88C2C2B221BC21D30057327C /* IndexView.swift */ = {isa = PBXFileReference; lastKnownFileType = sourcecode.swift; path = IndexView.swift; sourceTree = "<group>"; };
		88C2C2BA21BC21E30057327C /* Article.storyboard */ = {isa = PBXFileReference; lastKnownFileType = file.storyboard; path = Article.storyboard; sourceTree = "<group>"; };
		88C2C2BB21BC21E30057327C /* ArticleDisplayData.swift */ = {isa = PBXFileReference; lastKnownFileType = sourcecode.swift; path = ArticleDisplayData.swift; sourceTree = "<group>"; };
		88C2C2BC21BC21E30057327C /* ArticlePresenter.swift */ = {isa = PBXFileReference; lastKnownFileType = sourcecode.swift; path = ArticlePresenter.swift; sourceTree = "<group>"; };
		88C2C2BD21BC21E30057327C /* ArticleRouter.swift */ = {isa = PBXFileReference; lastKnownFileType = sourcecode.swift; path = ArticleRouter.swift; sourceTree = "<group>"; };
		88C2C2BE21BC21E30057327C /* ArticleModuleApi.swift */ = {isa = PBXFileReference; lastKnownFileType = sourcecode.swift; path = ArticleModuleApi.swift; sourceTree = "<group>"; };
		88C2C2BF21BC21E30057327C /* ArticleInteractor.swift */ = {isa = PBXFileReference; lastKnownFileType = sourcecode.swift; path = ArticleInteractor.swift; sourceTree = "<group>"; };
		88C2C2C021BC21E30057327C /* ArticleView.swift */ = {isa = PBXFileReference; lastKnownFileType = sourcecode.swift; path = ArticleView.swift; sourceTree = "<group>"; };
		88C2EA5121C5A64900AC651E /* XCTest.framework */ = {isa = PBXFileReference; lastKnownFileType = wrapper.framework; name = XCTest.framework; path = Platforms/iPhoneOS.platform/Developer/Library/Frameworks/XCTest.framework; sourceTree = DEVELOPER_DIR; };
		88C2EA5321C5A77E00AC651E /* Alamofire.framework */ = {isa = PBXFileReference; explicitFileType = wrapper.framework; path = Alamofire.framework; sourceTree = BUILT_PRODUCTS_DIR; };
		934F9235AFD673B024840C11 /* Pods-Moodelizer.release.xcconfig */ = {isa = PBXFileReference; includeInIndex = 1; lastKnownFileType = text.xcconfig; name = "Pods-Moodelizer.release.xcconfig"; path = "Target Support Files/Pods-Moodelizer/Pods-Moodelizer.release.xcconfig"; sourceTree = "<group>"; };
		A0C59784570CB7479663757F /* Pods_MoodelizerTests.framework */ = {isa = PBXFileReference; explicitFileType = wrapper.framework; includeInIndex = 0; path = Pods_MoodelizerTests.framework; sourceTree = BUILT_PRODUCTS_DIR; };
		CD1AA9DB1B363B604397BFB2 /* Pods-MoodelizerUITests.release.xcconfig */ = {isa = PBXFileReference; includeInIndex = 1; lastKnownFileType = text.xcconfig; name = "Pods-MoodelizerUITests.release.xcconfig"; path = "Target Support Files/Pods-MoodelizerUITests/Pods-MoodelizerUITests.release.xcconfig"; sourceTree = "<group>"; };
/* End PBXFileReference section */

/* Begin PBXFrameworksBuildPhase section */
		88405EE621BC1ABA00483FE1 /* Frameworks */ = {
			isa = PBXFrameworksBuildPhase;
			buildActionMask = 2147483647;
			files = (
				3B8954928CBE499F6D90E1C9 /* Pods_Moodelizer.framework in Frameworks */,
			);
			runOnlyForDeploymentPostprocessing = 0;
		};
		88405EFA21BC1ABB00483FE1 /* Frameworks */ = {
			isa = PBXFrameworksBuildPhase;
			buildActionMask = 2147483647;
			files = (
				DAD591CF476295E102569C76 /* Pods_MoodelizerTests.framework in Frameworks */,
			);
			runOnlyForDeploymentPostprocessing = 0;
		};
		88405F0521BC1ABB00483FE1 /* Frameworks */ = {
			isa = PBXFrameworksBuildPhase;
			buildActionMask = 2147483647;
			files = (
				88C2EA5421C5A77E00AC651E /* Alamofire.framework in Frameworks */,
				88C2EA5521C5A77E00AC651E /* Pods_MoodelizerUITests.framework in Frameworks */,
			);
			runOnlyForDeploymentPostprocessing = 0;
		};
/* End PBXFrameworksBuildPhase section */

/* Begin PBXGroup section */
		22B8A07A5FD5ABD142CB4F44 /* Frameworks */ = {
			isa = PBXGroup;
			children = (
				88C2EA5321C5A77E00AC651E /* Alamofire.framework */,
				88C2EA5121C5A64900AC651E /* XCTest.framework */,
				1D07CD53289D666C579FD576 /* Pods_Moodelizer.framework */,
				A0C59784570CB7479663757F /* Pods_MoodelizerTests.framework */,
				1B5ACCDC5B194473A246B3AA /* Pods_MoodelizerUITests.framework */,
			);
			name = Frameworks;
			sourceTree = "<group>";
		};
		51F5919159CFE7674CD83192 /* Pods */ = {
			isa = PBXGroup;
			children = (
				26963A5D8FD9DEB737D1E6CF /* Pods-Moodelizer.debug.xcconfig */,
				934F9235AFD673B024840C11 /* Pods-Moodelizer.release.xcconfig */,
				1B8173122D4A048E16D0E4EC /* Pods-MoodelizerTests.debug.xcconfig */,
				6667D4209C0783263E302EB3 /* Pods-MoodelizerTests.release.xcconfig */,
				0DD243A5877C4CE4F1BE5BCB /* Pods-MoodelizerUITests.debug.xcconfig */,
				CD1AA9DB1B363B604397BFB2 /* Pods-MoodelizerUITests.release.xcconfig */,
			);
			path = Pods;
			sourceTree = "<group>";
		};
		88405EE021BC1ABA00483FE1 = {
			isa = PBXGroup;
			children = (
				88405EEB21BC1ABA00483FE1 /* Moodelizer */,
				88405F0021BC1ABB00483FE1 /* MoodelizerTests */,
				88405F0B21BC1ABB00483FE1 /* MoodelizerUITests */,
				88405EEA21BC1ABA00483FE1 /* Products */,
				51F5919159CFE7674CD83192 /* Pods */,
				22B8A07A5FD5ABD142CB4F44 /* Frameworks */,
			);
			sourceTree = "<group>";
		};
		88405EEA21BC1ABA00483FE1 /* Products */ = {
			isa = PBXGroup;
			children = (
				88405EE921BC1ABA00483FE1 /* Moodelizer.app */,
				88405EFD21BC1ABB00483FE1 /* MoodelizerTests.xctest */,
				88405F0821BC1ABB00483FE1 /* MoodelizerUITests.xctest */,
			);
			name = Products;
			sourceTree = "<group>";
		};
		88405EEB21BC1ABA00483FE1 /* Moodelizer */ = {
			isa = PBXGroup;
			children = (
				889712ED21BC486700D88DD4 /* Helpers */,
				889712E321BC23CA00D88DD4 /* Extension */,
				88C2C2A321BC1F2D0057327C /* Api */,
				88C2C2A221BC1F260057327C /* Modules */,
				88C2C2A121BC1EF20057327C /* Common */,
			);
			path = Moodelizer;
			sourceTree = "<group>";
		};
		88405F0021BC1ABB00483FE1 /* MoodelizerTests */ = {
			isa = PBXGroup;
			children = (
				8882FF0921C56D93001BBCCC /* Modules */,
				88405F0121BC1ABB00483FE1 /* MoodelizerTests.swift */,
				88405F0321BC1ABB00483FE1 /* Info.plist */,
			);
			path = MoodelizerTests;
			sourceTree = "<group>";
		};
		88405F0B21BC1ABB00483FE1 /* MoodelizerUITests */ = {
			isa = PBXGroup;
			children = (
				88405F0C21BC1ABB00483FE1 /* MoodelizerUITests.swift */,
				88405F0E21BC1ABB00483FE1 /* Info.plist */,
			);
			path = MoodelizerUITests;
			sourceTree = "<group>";
		};
		8882FEFA21C54975001BBCCC /* Browser */ = {
			isa = PBXGroup;
			children = (
				8882FEFB21C54993001BBCCC /* Browser.storyboard */,
				8882FEFC21C54993001BBCCC /* BrowserDisplayData.swift */,
				8882FEFD21C54993001BBCCC /* BrowserPresenter.swift */,
				8882FEFE21C54993001BBCCC /* BrowserRouter.swift */,
				8882FEFF21C54993001BBCCC /* BrowserModuleApi.swift */,
				8882FF0021C54993001BBCCC /* BrowserInteractor.swift */,
				8882FF0121C54993001BBCCC /* BrowserView.swift */,
			);
			name = Browser;
			sourceTree = "<group>";
		};
		8882FF0921C56D93001BBCCC /* Modules */ = {
			isa = PBXGroup;
			children = (
				8882FF1421C58341001BBCCC /* Browser */,
				8882FF0F21C58080001BBCCC /* Article */,
				8882FF0C21C570AA001BBCCC /* Index */,
			);
			path = Modules;
			sourceTree = "<group>";
		};
		8882FF0C21C570AA001BBCCC /* Index */ = {
			isa = PBXGroup;
			children = (
				8882FF0A21C56DD4001BBCCC /* IndexTests.swift */,
				8882FF0D21C570C1001BBCCC /* IndexMockView.swift */,
			);
			path = Index;
			sourceTree = "<group>";
		};
		8882FF0F21C58080001BBCCC /* Article */ = {
			isa = PBXGroup;
			children = (
				8882FF1021C5809A001BBCCC /* ArticleMockView.swift */,
				8882FF1221C580FD001BBCCC /* ArticleTests.swift */,
			);
			path = Article;
			sourceTree = "<group>";
		};
		8882FF1421C58341001BBCCC /* Browser */ = {
			isa = PBXGroup;
			children = (
				8882FF1521C5835E001BBCCC /* BrowserMockView.swift */,
				8882FF1721C583A3001BBCCC /* BrowserTests.swift */,
			);
			path = Browser;
			sourceTree = "<group>";
		};
		889712E321BC23CA00D88DD4 /* Extension */ = {
			isa = PBXGroup;
			children = (
				889712E421BC23F300D88DD4 /* UIImage+.swift */,
				889712E621BC267800D88DD4 /* AttributedStringExtensions.swift */,
				889712F021BC4BF400D88DD4 /* UIView+.swift */,
				889712F421BC631100D88DD4 /* Collection+Exist.swift */,
				889712F621BC6B3B00D88DD4 /* DateExtensions.swift */,
			);
			name = Extension;
			sourceTree = "<group>";
		};
		889712EA21BC472700D88DD4 /* Model */ = {
			isa = PBXGroup;
			children = (
				889712EB21BC474F00D88DD4 /* Headlines.swift */,
			);
			name = Model;
			sourceTree = "<group>";
		};
		889712ED21BC486700D88DD4 /* Helpers */ = {
			isa = PBXGroup;
			children = (
			);
			name = Helpers;
			sourceTree = "<group>";
		};
		88C2C2A121BC1EF20057327C /* Common */ = {
			isa = PBXGroup;
			children = (
				88405EEC21BC1ABA00483FE1 /* AppDelegate.swift */,
				88405EF321BC1ABB00483FE1 /* Assets.xcassets */,
				88405EF521BC1ABB00483FE1 /* LaunchScreen.storyboard */,
				88405EF821BC1ABB00483FE1 /* Info.plist */,
				88C2C2A421BC1FBA0057327C /* Apperance.swift */,
				88C2C2A621BC1FC80057327C /* Result.swift */,
				88C2C2A821BC1FE60057327C /* AppModule.swift */,
				889712F221BC559F00D88DD4 /* AppErrorHandler.swift */,
			);
			name = Common;
			sourceTree = "<group>";
		};
		88C2C2A221BC1F260057327C /* Modules */ = {
			isa = PBXGroup;
			children = (
				8882FEFA21C54975001BBCCC /* Browser */,
				88C2C2AB21BC211F0057327C /* Article */,
				88C2C2AA21BC21090057327C /* Index */,
			);
			name = Modules;
			sourceTree = "<group>";
		};
		88C2C2A321BC1F2D0057327C /* Api */ = {
			isa = PBXGroup;
			children = (
				889712EA21BC472700D88DD4 /* Model */,
				889712EE21BC48A100D88DD4 /* ArticleService.swift */,
			);
			name = Api;
			sourceTree = "<group>";
		};
		88C2C2AA21BC21090057327C /* Index */ = {
			isa = PBXGroup;
			children = (
				88C2C2AC21BC21D30057327C /* Index.storyboard */,
				88C2C2AD21BC21D30057327C /* IndexDisplayData.swift */,
				88C2C2AE21BC21D30057327C /* IndexPresenter.swift */,
				88C2C2AF21BC21D30057327C /* IndexRouter.swift */,
				88C2C2B021BC21D30057327C /* IndexModuleApi.swift */,
				88C2C2B121BC21D30057327C /* IndexInteractor.swift */,
				88C2C2B221BC21D30057327C /* IndexView.swift */,
				889712E821BC3DCB00D88DD4 /* ArticleTableViewCell.swift */,
			);
			name = Index;
			sourceTree = "<group>";
		};
		88C2C2AB21BC211F0057327C /* Article */ = {
			isa = PBXGroup;
			children = (
				88C2C2BA21BC21E30057327C /* Article.storyboard */,
				88C2C2BB21BC21E30057327C /* ArticleDisplayData.swift */,
				88C2C2BC21BC21E30057327C /* ArticlePresenter.swift */,
				88C2C2BD21BC21E30057327C /* ArticleRouter.swift */,
				88C2C2BE21BC21E30057327C /* ArticleModuleApi.swift */,
				88C2C2BF21BC21E30057327C /* ArticleInteractor.swift */,
				88C2C2C021BC21E30057327C /* ArticleView.swift */,
				8882FEF821C53B9D001BBCCC /* ArticleCollectionViewCell.swift */,
			);
			name = Article;
			sourceTree = "<group>";
		};
/* End PBXGroup section */

/* Begin PBXNativeTarget section */
		88405EE821BC1ABA00483FE1 /* Moodelizer */ = {
			isa = PBXNativeTarget;
			buildConfigurationList = 88405F1121BC1ABB00483FE1 /* Build configuration list for PBXNativeTarget "Moodelizer" */;
			buildPhases = (
				12A6F4E5D7F5689D7AD108FF /* [CP] Check Pods Manifest.lock */,
				88405EE521BC1ABA00483FE1 /* Sources */,
				88405EE621BC1ABA00483FE1 /* Frameworks */,
				88405EE721BC1ABA00483FE1 /* Resources */,
				179454B564E2AECFBCABC361 /* [CP] Embed Pods Frameworks */,
			);
			buildRules = (
			);
			dependencies = (
			);
			name = Moodelizer;
			productName = Moodelizer;
			productReference = 88405EE921BC1ABA00483FE1 /* Moodelizer.app */;
			productType = "com.apple.product-type.application";
		};
		88405EFC21BC1ABB00483FE1 /* MoodelizerTests */ = {
			isa = PBXNativeTarget;
			buildConfigurationList = 88405F1421BC1ABB00483FE1 /* Build configuration list for PBXNativeTarget "MoodelizerTests" */;
			buildPhases = (
				6B0653DE465EBD4097D53529 /* [CP] Check Pods Manifest.lock */,
				88405EF921BC1ABB00483FE1 /* Sources */,
				88405EFA21BC1ABB00483FE1 /* Frameworks */,
				88405EFB21BC1ABB00483FE1 /* Resources */,
				369241B08DEC028DF72538FF /* [CP] Embed Pods Frameworks */,
			);
			buildRules = (
			);
			dependencies = (
				88405EFF21BC1ABB00483FE1 /* PBXTargetDependency */,
			);
			name = MoodelizerTests;
			productName = MoodelizerTests;
			productReference = 88405EFD21BC1ABB00483FE1 /* MoodelizerTests.xctest */;
			productType = "com.apple.product-type.bundle.unit-test";
		};
		88405F0721BC1ABB00483FE1 /* MoodelizerUITests */ = {
			isa = PBXNativeTarget;
			buildConfigurationList = 88405F1721BC1ABB00483FE1 /* Build configuration list for PBXNativeTarget "MoodelizerUITests" */;
			buildPhases = (
				485101A87887975F794FDB8D /* [CP] Check Pods Manifest.lock */,
				88405F0421BC1ABB00483FE1 /* Sources */,
				88405F0521BC1ABB00483FE1 /* Frameworks */,
				88405F0621BC1ABB00483FE1 /* Resources */,
				EE355533FBA933445A7405EC /* [CP] Embed Pods Frameworks */,
			);
			buildRules = (
			);
			dependencies = (
				88405F0A21BC1ABB00483FE1 /* PBXTargetDependency */,
			);
			name = MoodelizerUITests;
			productName = MoodelizerUITests;
			productReference = 88405F0821BC1ABB00483FE1 /* MoodelizerUITests.xctest */;
			productType = "com.apple.product-type.bundle.ui-testing";
		};
/* End PBXNativeTarget section */

/* Begin PBXProject section */
		88405EE121BC1ABA00483FE1 /* Project object */ = {
			isa = PBXProject;
			attributes = {
				LastSwiftUpdateCheck = 1010;
				LastUpgradeCheck = 1010;
				ORGANIZATIONNAME = "Edson Moura";
				TargetAttributes = {
					88405EE821BC1ABA00483FE1 = {
						CreatedOnToolsVersion = 10.1;
					};
					88405EFC21BC1ABB00483FE1 = {
						CreatedOnToolsVersion = 10.1;
						TestTargetID = 88405EE821BC1ABA00483FE1;
					};
					88405F0721BC1ABB00483FE1 = {
						CreatedOnToolsVersion = 10.1;
						TestTargetID = 88405EE821BC1ABA00483FE1;
					};
				};
			};
			buildConfigurationList = 88405EE421BC1ABA00483FE1 /* Build configuration list for PBXProject "Moodelizer" */;
			compatibilityVersion = "Xcode 9.3";
			developmentRegion = en;
			hasScannedForEncodings = 0;
			knownRegions = (
				en,
				Base,
			);
			mainGroup = 88405EE021BC1ABA00483FE1;
			productRefGroup = 88405EEA21BC1ABA00483FE1 /* Products */;
			projectDirPath = "";
			projectRoot = "";
			targets = (
				88405EE821BC1ABA00483FE1 /* Moodelizer */,
				88405EFC21BC1ABB00483FE1 /* MoodelizerTests */,
				88405F0721BC1ABB00483FE1 /* MoodelizerUITests */,
			);
		};
/* End PBXProject section */

/* Begin PBXResourcesBuildPhase section */
		88405EE721BC1ABA00483FE1 /* Resources */ = {
			isa = PBXResourcesBuildPhase;
			buildActionMask = 2147483647;
			files = (
				88C2C2B321BC21D30057327C /* Index.storyboard in Resources */,
				88C2C2C121BC21E30057327C /* Article.storyboard in Resources */,
				88405EF721BC1ABB00483FE1 /* LaunchScreen.storyboard in Resources */,
				88405EF421BC1ABB00483FE1 /* Assets.xcassets in Resources */,
				8882FF0221C54993001BBCCC /* Browser.storyboard in Resources */,
			);
			runOnlyForDeploymentPostprocessing = 0;
		};
		88405EFB21BC1ABB00483FE1 /* Resources */ = {
			isa = PBXResourcesBuildPhase;
			buildActionMask = 2147483647;
			files = (
			);
			runOnlyForDeploymentPostprocessing = 0;
		};
		88405F0621BC1ABB00483FE1 /* Resources */ = {
			isa = PBXResourcesBuildPhase;
			buildActionMask = 2147483647;
			files = (
			);
			runOnlyForDeploymentPostprocessing = 0;
		};
/* End PBXResourcesBuildPhase section */

/* Begin PBXShellScriptBuildPhase section */
		12A6F4E5D7F5689D7AD108FF /* [CP] Check Pods Manifest.lock */ = {
			isa = PBXShellScriptBuildPhase;
			buildActionMask = 2147483647;
			files = (
			);
			inputFileListPaths = (
			);
			inputPaths = (
				"${PODS_PODFILE_DIR_PATH}/Podfile.lock",
				"${PODS_ROOT}/Manifest.lock",
			);
			name = "[CP] Check Pods Manifest.lock";
			outputFileListPaths = (
			);
			outputPaths = (
				"$(DERIVED_FILE_DIR)/Pods-Moodelizer-checkManifestLockResult.txt",
			);
			runOnlyForDeploymentPostprocessing = 0;
			shellPath = /bin/sh;
			shellScript = "diff \"${PODS_PODFILE_DIR_PATH}/Podfile.lock\" \"${PODS_ROOT}/Manifest.lock\" > /dev/null\nif [ $? != 0 ] ; then\n    # print error to STDERR\n    echo \"error: The sandbox is not in sync with the Podfile.lock. Run 'pod install' or update your CocoaPods installation.\" >&2\n    exit 1\nfi\n# This output is used by Xcode 'outputs' to avoid re-running this script phase.\necho \"SUCCESS\" > \"${SCRIPT_OUTPUT_FILE_0}\"\n";
			showEnvVarsInLog = 0;
		};
		179454B564E2AECFBCABC361 /* [CP] Embed Pods Frameworks */ = {
			isa = PBXShellScriptBuildPhase;
			buildActionMask = 2147483647;
			files = (
			);
			inputFileListPaths = (
			);
			inputPaths = (
				"${PODS_ROOT}/Target Support Files/Pods-Moodelizer/Pods-Moodelizer-frameworks.sh",
				"${BUILT_PRODUCTS_DIR}/Alamofire/Alamofire.framework",
				"${BUILT_PRODUCTS_DIR}/Moya/Moya.framework",
				"${BUILT_PRODUCTS_DIR}/Result/Result.framework",
				"${BUILT_PRODUCTS_DIR}/SDWebImage/SDWebImage.framework",
				"${BUILT_PRODUCTS_DIR}/SnapKit/SnapKit.framework",
				"${BUILT_PRODUCTS_DIR}/Viperit/Viperit.framework",
			);
			name = "[CP] Embed Pods Frameworks";
			outputFileListPaths = (
			);
			outputPaths = (
				"${TARGET_BUILD_DIR}/${FRAMEWORKS_FOLDER_PATH}/Alamofire.framework",
				"${TARGET_BUILD_DIR}/${FRAMEWORKS_FOLDER_PATH}/Moya.framework",
				"${TARGET_BUILD_DIR}/${FRAMEWORKS_FOLDER_PATH}/Result.framework",
				"${TARGET_BUILD_DIR}/${FRAMEWORKS_FOLDER_PATH}/SDWebImage.framework",
				"${TARGET_BUILD_DIR}/${FRAMEWORKS_FOLDER_PATH}/SnapKit.framework",
				"${TARGET_BUILD_DIR}/${FRAMEWORKS_FOLDER_PATH}/Viperit.framework",
			);
			runOnlyForDeploymentPostprocessing = 0;
			shellPath = /bin/sh;
			shellScript = "\"${PODS_ROOT}/Target Support Files/Pods-Moodelizer/Pods-Moodelizer-frameworks.sh\"\n";
			showEnvVarsInLog = 0;
		};
		369241B08DEC028DF72538FF /* [CP] Embed Pods Frameworks */ = {
			isa = PBXShellScriptBuildPhase;
			buildActionMask = 2147483647;
			files = (
			);
			inputFileListPaths = (
			);
			inputPaths = (
				"${PODS_ROOT}/Target Support Files/Pods-MoodelizerTests/Pods-MoodelizerTests-frameworks.sh",
				"${BUILT_PRODUCTS_DIR}/Alamofire/Alamofire.framework",
				"${BUILT_PRODUCTS_DIR}/Moya/Moya.framework",
				"${BUILT_PRODUCTS_DIR}/Result/Result.framework",
				"${BUILT_PRODUCTS_DIR}/Viperit/Viperit.framework",
				"${BUILT_PRODUCTS_DIR}/Nimble/Nimble.framework",
				"${BUILT_PRODUCTS_DIR}/Quick/Quick.framework",
			);
			name = "[CP] Embed Pods Frameworks";
			outputFileListPaths = (
			);
			outputPaths = (
				"${TARGET_BUILD_DIR}/${FRAMEWORKS_FOLDER_PATH}/Alamofire.framework",
				"${TARGET_BUILD_DIR}/${FRAMEWORKS_FOLDER_PATH}/Moya.framework",
				"${TARGET_BUILD_DIR}/${FRAMEWORKS_FOLDER_PATH}/Result.framework",
				"${TARGET_BUILD_DIR}/${FRAMEWORKS_FOLDER_PATH}/Viperit.framework",
				"${TARGET_BUILD_DIR}/${FRAMEWORKS_FOLDER_PATH}/Nimble.framework",
				"${TARGET_BUILD_DIR}/${FRAMEWORKS_FOLDER_PATH}/Quick.framework",
			);
			runOnlyForDeploymentPostprocessing = 0;
			shellPath = /bin/sh;
			shellScript = "\"${PODS_ROOT}/Target Support Files/Pods-MoodelizerTests/Pods-MoodelizerTests-frameworks.sh\"\n";
			showEnvVarsInLog = 0;
		};
		485101A87887975F794FDB8D /* [CP] Check Pods Manifest.lock */ = {
			isa = PBXShellScriptBuildPhase;
			buildActionMask = 2147483647;
			files = (
			);
			inputFileListPaths = (
			);
			inputPaths = (
				"${PODS_PODFILE_DIR_PATH}/Podfile.lock",
				"${PODS_ROOT}/Manifest.lock",
			);
			name = "[CP] Check Pods Manifest.lock";
			outputFileListPaths = (
			);
			outputPaths = (
				"$(DERIVED_FILE_DIR)/Pods-MoodelizerUITests-checkManifestLockResult.txt",
			);
			runOnlyForDeploymentPostprocessing = 0;
			shellPath = /bin/sh;
			shellScript = "diff \"${PODS_PODFILE_DIR_PATH}/Podfile.lock\" \"${PODS_ROOT}/Manifest.lock\" > /dev/null\nif [ $? != 0 ] ; then\n    # print error to STDERR\n    echo \"error: The sandbox is not in sync with the Podfile.lock. Run 'pod install' or update your CocoaPods installation.\" >&2\n    exit 1\nfi\n# This output is used by Xcode 'outputs' to avoid re-running this script phase.\necho \"SUCCESS\" > \"${SCRIPT_OUTPUT_FILE_0}\"\n";
			showEnvVarsInLog = 0;
		};
		6B0653DE465EBD4097D53529 /* [CP] Check Pods Manifest.lock */ = {
			isa = PBXShellScriptBuildPhase;
			buildActionMask = 2147483647;
			files = (
			);
			inputFileListPaths = (
			);
			inputPaths = (
				"${PODS_PODFILE_DIR_PATH}/Podfile.lock",
				"${PODS_ROOT}/Manifest.lock",
			);
			name = "[CP] Check Pods Manifest.lock";
			outputFileListPaths = (
			);
			outputPaths = (
				"$(DERIVED_FILE_DIR)/Pods-MoodelizerTests-checkManifestLockResult.txt",
			);
			runOnlyForDeploymentPostprocessing = 0;
			shellPath = /bin/sh;
			shellScript = "diff \"${PODS_PODFILE_DIR_PATH}/Podfile.lock\" \"${PODS_ROOT}/Manifest.lock\" > /dev/null\nif [ $? != 0 ] ; then\n    # print error to STDERR\n    echo \"error: The sandbox is not in sync with the Podfile.lock. Run 'pod install' or update your CocoaPods installation.\" >&2\n    exit 1\nfi\n# This output is used by Xcode 'outputs' to avoid re-running this script phase.\necho \"SUCCESS\" > \"${SCRIPT_OUTPUT_FILE_0}\"\n";
			showEnvVarsInLog = 0;
		};
		EE355533FBA933445A7405EC /* [CP] Embed Pods Frameworks */ = {
			isa = PBXShellScriptBuildPhase;
			buildActionMask = 2147483647;
			files = (
			);
			inputFileListPaths = (
			);
			inputPaths = (
				"${PODS_ROOT}/Target Support Files/Pods-MoodelizerUITests/Pods-MoodelizerUITests-frameworks.sh",
				"${BUILT_PRODUCTS_DIR}/Alamofire/Alamofire.framework",
				"${BUILT_PRODUCTS_DIR}/Moya/Moya.framework",
				"${BUILT_PRODUCTS_DIR}/Result/Result.framework",
				"${BUILT_PRODUCTS_DIR}/SDWebImage/SDWebImage.framework",
				"${BUILT_PRODUCTS_DIR}/SnapKit/SnapKit.framework",
				"${BUILT_PRODUCTS_DIR}/Viperit/Viperit.framework",
			);
			name = "[CP] Embed Pods Frameworks";
			outputFileListPaths = (
			);
			outputPaths = (
				"${TARGET_BUILD_DIR}/${FRAMEWORKS_FOLDER_PATH}/Alamofire.framework",
				"${TARGET_BUILD_DIR}/${FRAMEWORKS_FOLDER_PATH}/Moya.framework",
				"${TARGET_BUILD_DIR}/${FRAMEWORKS_FOLDER_PATH}/Result.framework",
				"${TARGET_BUILD_DIR}/${FRAMEWORKS_FOLDER_PATH}/SDWebImage.framework",
				"${TARGET_BUILD_DIR}/${FRAMEWORKS_FOLDER_PATH}/SnapKit.framework",
				"${TARGET_BUILD_DIR}/${FRAMEWORKS_FOLDER_PATH}/Viperit.framework",
			);
			runOnlyForDeploymentPostprocessing = 0;
			shellPath = /bin/sh;
			shellScript = "\"${PODS_ROOT}/Target Support Files/Pods-MoodelizerUITests/Pods-MoodelizerUITests-frameworks.sh\"\n";
			showEnvVarsInLog = 0;
		};
/* End PBXShellScriptBuildPhase section */

/* Begin PBXSourcesBuildPhase section */
		88405EE521BC1ABA00483FE1 /* Sources */ = {
			isa = PBXSourcesBuildPhase;
			buildActionMask = 2147483647;
			files = (
				88C2C2B421BC21D30057327C /* IndexDisplayData.swift in Sources */,
				88C2C2A721BC1FC80057327C /* Result.swift in Sources */,
				8882FF0521C54993001BBCCC /* BrowserRouter.swift in Sources */,
				8882FF0621C54993001BBCCC /* BrowserModuleApi.swift in Sources */,
				88C2C2C221BC21E30057327C /* ArticleDisplayData.swift in Sources */,
				889712E521BC23F300D88DD4 /* UIImage+.swift in Sources */,
				88C2C2A921BC1FE60057327C /* AppModule.swift in Sources */,
				8882FF0421C54993001BBCCC /* BrowserPresenter.swift in Sources */,
				889712F321BC559F00D88DD4 /* AppErrorHandler.swift in Sources */,
				88C2C2B921BC21D30057327C /* IndexView.swift in Sources */,
				88C2C2C421BC21E30057327C /* ArticleRouter.swift in Sources */,
				8882FF0821C54993001BBCCC /* BrowserView.swift in Sources */,
				88C2C2B521BC21D30057327C /* IndexPresenter.swift in Sources */,
				889712F121BC4BF400D88DD4 /* UIView+.swift in Sources */,
				889712E921BC3DCB00D88DD4 /* ArticleTableViewCell.swift in Sources */,
				889712F721BC6B3B00D88DD4 /* DateExtensions.swift in Sources */,
				88C2C2C521BC21E30057327C /* ArticleModuleApi.swift in Sources */,
				8882FEF921C53B9D001BBCCC /* ArticleCollectionViewCell.swift in Sources */,
				8882FF0321C54993001BBCCC /* BrowserDisplayData.swift in Sources */,
				88C2C2C621BC21E30057327C /* ArticleInteractor.swift in Sources */,
				889712F521BC631100D88DD4 /* Collection+Exist.swift in Sources */,
				88405EED21BC1ABA00483FE1 /* AppDelegate.swift in Sources */,
				8882FF0721C54993001BBCCC /* BrowserInteractor.swift in Sources */,
				88C2C2B821BC21D30057327C /* IndexInteractor.swift in Sources */,
				889712E721BC267800D88DD4 /* AttributedStringExtensions.swift in Sources */,
				88C2C2C721BC21E30057327C /* ArticleView.swift in Sources */,
				88C2C2A521BC1FBA0057327C /* Apperance.swift in Sources */,
				88C2C2C321BC21E30057327C /* ArticlePresenter.swift in Sources */,
				889712EF21BC48A100D88DD4 /* ArticleService.swift in Sources */,
				88C2C2B621BC21D30057327C /* IndexRouter.swift in Sources */,
				88C2C2B721BC21D30057327C /* IndexModuleApi.swift in Sources */,
				889712EC21BC474F00D88DD4 /* Headlines.swift in Sources */,
			);
			runOnlyForDeploymentPostprocessing = 0;
		};
		88405EF921BC1ABB00483FE1 /* Sources */ = {
			isa = PBXSourcesBuildPhase;
			buildActionMask = 2147483647;
			files = (
				8882FF0B21C56DD4001BBCCC /* IndexTests.swift in Sources */,
				8882FF1821C583A3001BBCCC /* BrowserTests.swift in Sources */,
				8882FF1321C580FD001BBCCC /* ArticleTests.swift in Sources */,
				8882FF1121C5809A001BBCCC /* ArticleMockView.swift in Sources */,
				8882FF1621C5835E001BBCCC /* BrowserMockView.swift in Sources */,
				8882FF0E21C570C1001BBCCC /* IndexMockView.swift in Sources */,
				88405F0221BC1ABB00483FE1 /* MoodelizerTests.swift in Sources */,
			);
			runOnlyForDeploymentPostprocessing = 0;
		};
		88405F0421BC1ABB00483FE1 /* Sources */ = {
			isa = PBXSourcesBuildPhase;
			buildActionMask = 2147483647;
			files = (
				88405F0D21BC1ABB00483FE1 /* MoodelizerUITests.swift in Sources */,
			);
			runOnlyForDeploymentPostprocessing = 0;
		};
/* End PBXSourcesBuildPhase section */

/* Begin PBXTargetDependency section */
		88405EFF21BC1ABB00483FE1 /* PBXTargetDependency */ = {
			isa = PBXTargetDependency;
			target = 88405EE821BC1ABA00483FE1 /* Moodelizer */;
			targetProxy = 88405EFE21BC1ABB00483FE1 /* PBXContainerItemProxy */;
		};
		88405F0A21BC1ABB00483FE1 /* PBXTargetDependency */ = {
			isa = PBXTargetDependency;
			target = 88405EE821BC1ABA00483FE1 /* Moodelizer */;
			targetProxy = 88405F0921BC1ABB00483FE1 /* PBXContainerItemProxy */;
		};
/* End PBXTargetDependency section */

/* Begin PBXVariantGroup section */
		88405EF521BC1ABB00483FE1 /* LaunchScreen.storyboard */ = {
			isa = PBXVariantGroup;
			children = (
				88405EF621BC1ABB00483FE1 /* Base */,
			);
			name = LaunchScreen.storyboard;
			sourceTree = "<group>";
		};
/* End PBXVariantGroup section */

/* Begin XCBuildConfiguration section */
		88405F0F21BC1ABB00483FE1 /* Debug */ = {
			isa = XCBuildConfiguration;
			buildSettings = {
				ALWAYS_SEARCH_USER_PATHS = NO;
				CLANG_ANALYZER_NONNULL = YES;
				CLANG_ANALYZER_NUMBER_OBJECT_CONVERSION = YES_AGGRESSIVE;
				CLANG_CXX_LANGUAGE_STANDARD = "gnu++14";
				CLANG_CXX_LIBRARY = "libc++";
				CLANG_ENABLE_MODULES = YES;
				CLANG_ENABLE_OBJC_ARC = YES;
				CLANG_ENABLE_OBJC_WEAK = YES;
				CLANG_WARN_BLOCK_CAPTURE_AUTORELEASING = YES;
				CLANG_WARN_BOOL_CONVERSION = YES;
				CLANG_WARN_COMMA = YES;
				CLANG_WARN_CONSTANT_CONVERSION = YES;
				CLANG_WARN_DEPRECATED_OBJC_IMPLEMENTATIONS = YES;
				CLANG_WARN_DIRECT_OBJC_ISA_USAGE = YES_ERROR;
				CLANG_WARN_DOCUMENTATION_COMMENTS = YES;
				CLANG_WARN_EMPTY_BODY = YES;
				CLANG_WARN_ENUM_CONVERSION = YES;
				CLANG_WARN_INFINITE_RECURSION = YES;
				CLANG_WARN_INT_CONVERSION = YES;
				CLANG_WARN_NON_LITERAL_NULL_CONVERSION = YES;
				CLANG_WARN_OBJC_IMPLICIT_RETAIN_SELF = YES;
				CLANG_WARN_OBJC_LITERAL_CONVERSION = YES;
				CLANG_WARN_OBJC_ROOT_CLASS = YES_ERROR;
				CLANG_WARN_RANGE_LOOP_ANALYSIS = YES;
				CLANG_WARN_STRICT_PROTOTYPES = YES;
				CLANG_WARN_SUSPICIOUS_MOVE = YES;
				CLANG_WARN_UNGUARDED_AVAILABILITY = YES_AGGRESSIVE;
				CLANG_WARN_UNREACHABLE_CODE = YES;
				CLANG_WARN__DUPLICATE_METHOD_MATCH = YES;
				CODE_SIGN_IDENTITY = "iPhone Developer";
				COPY_PHASE_STRIP = NO;
				DEBUG_INFORMATION_FORMAT = dwarf;
				ENABLE_STRICT_OBJC_MSGSEND = YES;
				ENABLE_TESTABILITY = YES;
				GCC_C_LANGUAGE_STANDARD = gnu11;
				GCC_DYNAMIC_NO_PIC = NO;
				GCC_NO_COMMON_BLOCKS = YES;
				GCC_OPTIMIZATION_LEVEL = 0;
				GCC_PREPROCESSOR_DEFINITIONS = (
					"DEBUG=1",
					"$(inherited)",
				);
				GCC_WARN_64_TO_32_BIT_CONVERSION = YES;
				GCC_WARN_ABOUT_RETURN_TYPE = YES_ERROR;
				GCC_WARN_UNDECLARED_SELECTOR = YES;
				GCC_WARN_UNINITIALIZED_AUTOS = YES_AGGRESSIVE;
				GCC_WARN_UNUSED_FUNCTION = YES;
				GCC_WARN_UNUSED_VARIABLE = YES;
				IPHONEOS_DEPLOYMENT_TARGET = 11.0;
				MTL_ENABLE_DEBUG_INFO = INCLUDE_SOURCE;
				MTL_FAST_MATH = YES;
				ONLY_ACTIVE_ARCH = YES;
				SDKROOT = iphoneos;
				SWIFT_ACTIVE_COMPILATION_CONDITIONS = DEBUG;
				SWIFT_OPTIMIZATION_LEVEL = "-Onone";
			};
			name = Debug;
		};
		88405F1021BC1ABB00483FE1 /* Release */ = {
			isa = XCBuildConfiguration;
			buildSettings = {
				ALWAYS_SEARCH_USER_PATHS = NO;
				CLANG_ANALYZER_NONNULL = YES;
				CLANG_ANALYZER_NUMBER_OBJECT_CONVERSION = YES_AGGRESSIVE;
				CLANG_CXX_LANGUAGE_STANDARD = "gnu++14";
				CLANG_CXX_LIBRARY = "libc++";
				CLANG_ENABLE_MODULES = YES;
				CLANG_ENABLE_OBJC_ARC = YES;
				CLANG_ENABLE_OBJC_WEAK = YES;
				CLANG_WARN_BLOCK_CAPTURE_AUTORELEASING = YES;
				CLANG_WARN_BOOL_CONVERSION = YES;
				CLANG_WARN_COMMA = YES;
				CLANG_WARN_CONSTANT_CONVERSION = YES;
				CLANG_WARN_DEPRECATED_OBJC_IMPLEMENTATIONS = YES;
				CLANG_WARN_DIRECT_OBJC_ISA_USAGE = YES_ERROR;
				CLANG_WARN_DOCUMENTATION_COMMENTS = YES;
				CLANG_WARN_EMPTY_BODY = YES;
				CLANG_WARN_ENUM_CONVERSION = YES;
				CLANG_WARN_INFINITE_RECURSION = YES;
				CLANG_WARN_INT_CONVERSION = YES;
				CLANG_WARN_NON_LITERAL_NULL_CONVERSION = YES;
				CLANG_WARN_OBJC_IMPLICIT_RETAIN_SELF = YES;
				CLANG_WARN_OBJC_LITERAL_CONVERSION = YES;
				CLANG_WARN_OBJC_ROOT_CLASS = YES_ERROR;
				CLANG_WARN_RANGE_LOOP_ANALYSIS = YES;
				CLANG_WARN_STRICT_PROTOTYPES = YES;
				CLANG_WARN_SUSPICIOUS_MOVE = YES;
				CLANG_WARN_UNGUARDED_AVAILABILITY = YES_AGGRESSIVE;
				CLANG_WARN_UNREACHABLE_CODE = YES;
				CLANG_WARN__DUPLICATE_METHOD_MATCH = YES;
				CODE_SIGN_IDENTITY = "iPhone Developer";
				COPY_PHASE_STRIP = NO;
				DEBUG_INFORMATION_FORMAT = "dwarf-with-dsym";
				ENABLE_NS_ASSERTIONS = NO;
				ENABLE_STRICT_OBJC_MSGSEND = YES;
				GCC_C_LANGUAGE_STANDARD = gnu11;
				GCC_NO_COMMON_BLOCKS = YES;
				GCC_WARN_64_TO_32_BIT_CONVERSION = YES;
				GCC_WARN_ABOUT_RETURN_TYPE = YES_ERROR;
				GCC_WARN_UNDECLARED_SELECTOR = YES;
				GCC_WARN_UNINITIALIZED_AUTOS = YES_AGGRESSIVE;
				GCC_WARN_UNUSED_FUNCTION = YES;
				GCC_WARN_UNUSED_VARIABLE = YES;
				IPHONEOS_DEPLOYMENT_TARGET = 11.0;
				MTL_ENABLE_DEBUG_INFO = NO;
				MTL_FAST_MATH = YES;
				SDKROOT = iphoneos;
				SWIFT_COMPILATION_MODE = wholemodule;
				SWIFT_OPTIMIZATION_LEVEL = "-O";
				VALIDATE_PRODUCT = YES;
			};
			name = Release;
		};
		88405F1221BC1ABB00483FE1 /* Debug */ = {
			isa = XCBuildConfiguration;
			baseConfigurationReference = 26963A5D8FD9DEB737D1E6CF /* Pods-Moodelizer.debug.xcconfig */;
			buildSettings = {
				ALWAYS_EMBED_SWIFT_STANDARD_LIBRARIES = YES;
				ASSETCATALOG_COMPILER_APPICON_NAME = AppIcon;
				CODE_SIGN_STYLE = Automatic;
				DEVELOPMENT_TEAM = PS4B7DN425;
				ENABLE_BITCODE = NO;
				FRAMEWORK_SEARCH_PATHS = "$(inherited)";
				INFOPLIST_FILE = Moodelizer/Info.plist;
				IPHONEOS_DEPLOYMENT_TARGET = 11.0;
				LD_RUNPATH_SEARCH_PATHS = (
					"$(inherited)",
					"@executable_path/Frameworks",
				);
				PRODUCT_BUNDLE_IDENTIFIER = com.se.Moodelizer;
				PRODUCT_NAME = "$(TARGET_NAME)";
				SWIFT_VERSION = 4.2;
				TARGETED_DEVICE_FAMILY = "1,2";
			};
			name = Debug;
		};
		88405F1321BC1ABB00483FE1 /* Release */ = {
			isa = XCBuildConfiguration;
			baseConfigurationReference = 934F9235AFD673B024840C11 /* Pods-Moodelizer.release.xcconfig */;
			buildSettings = {
				ALWAYS_EMBED_SWIFT_STANDARD_LIBRARIES = YES;
				ASSETCATALOG_COMPILER_APPICON_NAME = AppIcon;
				CODE_SIGN_STYLE = Automatic;
				DEVELOPMENT_TEAM = PS4B7DN425;
				ENABLE_BITCODE = NO;
				FRAMEWORK_SEARCH_PATHS = "$(inherited)";
				INFOPLIST_FILE = Moodelizer/Info.plist;
				IPHONEOS_DEPLOYMENT_TARGET = 11.0;
				LD_RUNPATH_SEARCH_PATHS = (
					"$(inherited)",
					"@executable_path/Frameworks",
				);
				PRODUCT_BUNDLE_IDENTIFIER = com.se.Moodelizer;
				PRODUCT_NAME = "$(TARGET_NAME)";
				SWIFT_VERSION = 4.2;
				TARGETED_DEVICE_FAMILY = "1,2";
			};
			name = Release;
		};
		88405F1521BC1ABB00483FE1 /* Debug */ = {
			isa = XCBuildConfiguration;
			baseConfigurationReference = 1B8173122D4A048E16D0E4EC /* Pods-MoodelizerTests.debug.xcconfig */;
			buildSettings = {
				ALWAYS_EMBED_SWIFT_STANDARD_LIBRARIES = YES;
				BUNDLE_LOADER = "$(TEST_HOST)";
				CODE_SIGN_STYLE = Automatic;
				DEVELOPMENT_TEAM = PS4B7DN425;
				INFOPLIST_FILE = MoodelizerTests/Info.plist;
				LD_RUNPATH_SEARCH_PATHS = (
					"$(inherited)",
					"@executable_path/Frameworks",
					"@loader_path/Frameworks",
				);
				PRODUCT_BUNDLE_IDENTIFIER = com.se.MoodelizerTests;
				PRODUCT_NAME = "$(TARGET_NAME)";
				SWIFT_VERSION = 4.2;
				TARGETED_DEVICE_FAMILY = "1,2";
				TEST_HOST = "$(BUILT_PRODUCTS_DIR)/Moodelizer.app/Moodelizer";
			};
			name = Debug;
		};
		88405F1621BC1ABB00483FE1 /* Release */ = {
			isa = XCBuildConfiguration;
			baseConfigurationReference = 6667D4209C0783263E302EB3 /* Pods-MoodelizerTests.release.xcconfig */;
			buildSettings = {
				ALWAYS_EMBED_SWIFT_STANDARD_LIBRARIES = YES;
				BUNDLE_LOADER = "$(TEST_HOST)";
				CODE_SIGN_STYLE = Automatic;
				DEVELOPMENT_TEAM = PS4B7DN425;
				INFOPLIST_FILE = MoodelizerTests/Info.plist;
				LD_RUNPATH_SEARCH_PATHS = (
					"$(inherited)",
					"@executable_path/Frameworks",
					"@loader_path/Frameworks",
				);
				PRODUCT_BUNDLE_IDENTIFIER = com.se.MoodelizerTests;
				PRODUCT_NAME = "$(TARGET_NAME)";
				SWIFT_VERSION = 4.2;
				TARGETED_DEVICE_FAMILY = "1,2";
				TEST_HOST = "$(BUILT_PRODUCTS_DIR)/Moodelizer.app/Moodelizer";
			};
			name = Release;
		};
		88405F1821BC1ABB00483FE1 /* Debug */ = {
			isa = XCBuildConfiguration;
			baseConfigurationReference = 0DD243A5877C4CE4F1BE5BCB /* Pods-MoodelizerUITests.debug.xcconfig */;
			buildSettings = {
				ALWAYS_EMBED_SWIFT_STANDARD_LIBRARIES = YES;
				CODE_SIGN_STYLE = Automatic;
				DEVELOPMENT_TEAM = PS4B7DN425;
				INFOPLIST_FILE = MoodelizerUITests/Info.plist;
				LD_RUNPATH_SEARCH_PATHS = (
					"$(inherited)",
					"@executable_path/Frameworks",
					"@loader_path/Frameworks",
				);
				PRODUCT_BUNDLE_IDENTIFIER = com.se.MoodelizerUITests;
				PRODUCT_NAME = "$(TARGET_NAME)";
				SWIFT_VERSION = 4.2;
				TARGETED_DEVICE_FAMILY = "1,2";
				TEST_TARGET_NAME = Moodelizer;
			};
			name = Debug;
		};
		88405F1921BC1ABB00483FE1 /* Release */ = {
			isa = XCBuildConfiguration;
			baseConfigurationReference = CD1AA9DB1B363B604397BFB2 /* Pods-MoodelizerUITests.release.xcconfig */;
			buildSettings = {
				ALWAYS_EMBED_SWIFT_STANDARD_LIBRARIES = YES;
				CODE_SIGN_STYLE = Automatic;
				DEVELOPMENT_TEAM = PS4B7DN425;
				INFOPLIST_FILE = MoodelizerUITests/Info.plist;
				LD_RUNPATH_SEARCH_PATHS = (
					"$(inherited)",
					"@executable_path/Frameworks",
					"@loader_path/Frameworks",
				);
				PRODUCT_BUNDLE_IDENTIFIER = com.se.MoodelizerUITests;
				PRODUCT_NAME = "$(TARGET_NAME)";
				SWIFT_VERSION = 4.2;
				TARGETED_DEVICE_FAMILY = "1,2";
				TEST_TARGET_NAME = Moodelizer;
			};
			name = Release;
		};
/* End XCBuildConfiguration section */

/* Begin XCConfigurationList section */
		88405EE421BC1ABA00483FE1 /* Build configuration list for PBXProject "Moodelizer" */ = {
			isa = XCConfigurationList;
			buildConfigurations = (
				88405F0F21BC1ABB00483FE1 /* Debug */,
				88405F1021BC1ABB00483FE1 /* Release */,
			);
			defaultConfigurationIsVisible = 0;
			defaultConfigurationName = Release;
		};
		88405F1121BC1ABB00483FE1 /* Build configuration list for PBXNativeTarget "Moodelizer" */ = {
			isa = XCConfigurationList;
			buildConfigurations = (
				88405F1221BC1ABB00483FE1 /* Debug */,
				88405F1321BC1ABB00483FE1 /* Release */,
			);
			defaultConfigurationIsVisible = 0;
			defaultConfigurationName = Release;
		};
		88405F1421BC1ABB00483FE1 /* Build configuration list for PBXNativeTarget "MoodelizerTests" */ = {
			isa = XCConfigurationList;
			buildConfigurations = (
				88405F1521BC1ABB00483FE1 /* Debug */,
				88405F1621BC1ABB00483FE1 /* Release */,
			);
			defaultConfigurationIsVisible = 0;
			defaultConfigurationName = Release;
		};
		88405F1721BC1ABB00483FE1 /* Build configuration list for PBXNativeTarget "MoodelizerUITests" */ = {
			isa = XCConfigurationList;
			buildConfigurations = (
				88405F1821BC1ABB00483FE1 /* Debug */,
				88405F1921BC1ABB00483FE1 /* Release */,
			);
			defaultConfigurationIsVisible = 0;
			defaultConfigurationName = Release;
		};
/* End XCConfigurationList section */
	};
	rootObject = 88405EE121BC1ABA00483FE1 /* Project object */;
}
